
Microsoft Visual Studio Solution File, Format Version 12.00
# Visual Studio Version 16
VisualStudioVersion = 16.0.29920.165
MinimumVisualStudioVersion = 10.0.40219.1
Project("{FAE04EC0-301F-11D3-BF4B-00C04F79EFBC}") = "UserMaintenance", "UserMaintenance\UserMaintenance.csproj", "{71C20A93-252D-46F6-8BE1-BDF9A31BEB6A}"
EndProject
Global
	GlobalSection(SolutionConfigurationPlatforms) = preSolution
		Debug|Any CPU = Debug|Any CPU
		Release|Any CPU = Release|Any CPU
	EndGlobalSection
	GlobalSection(ProjectConfigurationPlatforms) = postSolution
		{71C20A93-252D-46F6-8BE1-BDF9A31BEB6A}.Debug|Any CPU.ActiveCfg = Debug|Any CPU
		{71C20A93-252D-46F6-8BE1-BDF9A31BEB6A}.Debug|Any CPU.Build.0 = Debug|Any CPU
		{71C20A93-252D-46F6-8BE1-BDF9A31BEB6A}.Release|Any CPU.ActiveCfg = Release|Any CPU
		{71C20A93-252D-46F6-8BE1-BDF9A31BEB6A}.Release|Any CPU.Build.0 = Release|Any CPU
	EndGlobalSection
	GlobalSection(SolutionProperties) = preSolution
		HideSolutionNode = FALSE
	EndGlobalSection
	GlobalSection(ExtensibilityGlobals) = postSolution
		SolutionGuid = {7CE520CB-1902-4B88-A2E5-1E0762671F5A}
	EndGlobalSection
EndGlobal
